
Microsoft Visual Studio Solution File, Format Version 11.00
# Visual Studio 2010
Project("{8BC9CEB8-8B4A-11D0-8D11-00A0C91BC942}") = "cryptology", "cryptology\cryptology.vcxproj", "{288C8F22-A05F-48CD-88F9-A04DCCDABF24}"
EndProject
Project("{8BC9CEB8-8B4A-11D0-8D11-00A0C91BC942}") = "AES_crypt", "AES_crypt\AES_crypt.vcxproj", "{ECE47348-B73D-475D-80D3-126E393E09A9}"
EndProject
Project("{8BC9CEB8-8B4A-11D0-8D11-00A0C91BC942}") = "symmetric_encryption", "symmetric_encryption\symmetric_encryption.vcxproj", "{FA05899A-78A8-47D0-903E-E2A95CE65858}"
EndProject
Project("{8BC9CEB8-8B4A-11D0-8D11-00A0C91BC942}") = "AES_crypt1", "AES_crypt1\AES_crypt1.vcxproj", "{9AA0F053-A760-4902-98D1-DEE40DBB7330}"
EndProject
Project("{8BC9CEB8-8B4A-11D0-8D11-00A0C91BC942}") = "MD", "MD\MD.vcxproj", "{17E3619A-88B9-481E-AFBC-BD52D7EF882C}"
EndProject
Project("{8BC9CEB8-8B4A-11D0-8D11-00A0C91BC942}") = "SHA", "SHA\SHA.vcxproj", "{840006E8-4D18-4E9C-AE50-55DD51EC79D1}"
EndProject
Project("{8BC9CEB8-8B4A-11D0-8D11-00A0C91BC942}") = "MAC", "MAC\MAC.vcxproj", "{283694AF-279E-490E-9310-98FF0F56016C}"
EndProject
Project("{8BC9CEB8-8B4A-11D0-8D11-00A0C91BC942}") = "RAND", "RAND\RAND.vcxproj", "{B7ED9FDE-62B7-4E94-9FF6-449DAF66D65E}"
EndProject
Project("{8BC9CEB8-8B4A-11D0-8D11-00A0C91BC942}") = "EC", "EC\EC.vcxproj", "{B044F6F3-AA43-477E-8211-E9CBDAEB25C8}"
EndProject
Project("{8BC9CEB8-8B4A-11D0-8D11-00A0C91BC942}") = "DH", "DH\DH.vcxproj", "{3B211FCB-1B90-4807-9E0F-9773F6344742}"
EndProject
Project("{8BC9CEB8-8B4A-11D0-8D11-00A0C91BC942}") = "BIGNUM", "BIGNUM\BIGNUM.vcxproj", "{BB74AB82-5D67-4AEA-B8F8-AE8CFE5A49A4}"
EndProject
Project("{8BC9CEB8-8B4A-11D0-8D11-00A0C91BC942}") = "Parity check", "Parity check\Parity check.vcxproj", "{749FD99B-3ACB-4040-B4FE-51A23899AEDD}"
EndProject
Project("{8BC9CEB8-8B4A-11D0-8D11-00A0C91BC942}") = "DES_3DES", "DES_3DES\DES_3DES.vcxproj", "{D7DEC827-39E9-4929-8F7A-C85BF4431C56}"
EndProject
Project("{8BC9CEB8-8B4A-11D0-8D11-00A0C91BC942}") = "RSA", "RSA\RSA.vcxproj", "{73506141-C357-43A6-9DE7-C6CDC055BEFE}"
EndProject
Project("{8BC9CEB8-8B4A-11D0-8D11-00A0C91BC942}") = "Classical", "Classical\Classical.vcxproj", "{3261E978-0D02-4FF9-A6BE-434FBF652DC9}"
EndProject
Global
	GlobalSection(SolutionConfigurationPlatforms) = preSolution
		Debug|Win32 = Debug|Win32
		Release|Win32 = Release|Win32
	EndGlobalSection
	GlobalSection(ProjectConfigurationPlatforms) = postSolution
		{288C8F22-A05F-48CD-88F9-A04DCCDABF24}.Debug|Win32.ActiveCfg = Debug|Win32
		{288C8F22-A05F-48CD-88F9-A04DCCDABF24}.Debug|Win32.Build.0 = Debug|Win32
		{288C8F22-A05F-48CD-88F9-A04DCCDABF24}.Release|Win32.ActiveCfg = Release|Win32
		{288C8F22-A05F-48CD-88F9-A04DCCDABF24}.Release|Win32.Build.0 = Release|Win32
		{ECE47348-B73D-475D-80D3-126E393E09A9}.Debug|Win32.ActiveCfg = Debug|Win32
		{ECE47348-B73D-475D-80D3-126E393E09A9}.Debug|Win32.Build.0 = Debug|Win32
		{ECE47348-B73D-475D-80D3-126E393E09A9}.Release|Win32.ActiveCfg = Release|Win32
		{ECE47348-B73D-475D-80D3-126E393E09A9}.Release|Win32.Build.0 = Release|Win32
		{FA05899A-78A8-47D0-903E-E2A95CE65858}.Debug|Win32.ActiveCfg = Debug|Win32
		{FA05899A-78A8-47D0-903E-E2A95CE65858}.Debug|Win32.Build.0 = Debug|Win32
		{FA05899A-78A8-47D0-903E-E2A95CE65858}.Release|Win32.ActiveCfg = Release|Win32
		{FA05899A-78A8-47D0-903E-E2A95CE65858}.Release|Win32.Build.0 = Release|Win32
		{9AA0F053-A760-4902-98D1-DEE40DBB7330}.Debug|Win32.ActiveCfg = Debug|Win32
		{9AA0F053-A760-4902-98D1-DEE40DBB7330}.Debug|Win32.Build.0 = Debug|Win32
		{9AA0F053-A760-4902-98D1-DEE40DBB7330}.Release|Win32.ActiveCfg = Release|Win32
		{9AA0F053-A760-4902-98D1-DEE40DBB7330}.Release|Win32.Build.0 = Release|Win32
		{17E3619A-88B9-481E-AFBC-BD52D7EF882C}.Debug|Win32.ActiveCfg = Debug|Win32
		{17E3619A-88B9-481E-AFBC-BD52D7EF882C}.Debug|Win32.Build.0 = Debug|Win32
		{17E3619A-88B9-481E-AFBC-BD52D7EF882C}.Release|Win32.ActiveCfg = Release|Win32
		{17E3619A-88B9-481E-AFBC-BD52D7EF882C}.Release|Win32.Build.0 = Release|Win32
		{840006E8-4D18-4E9C-AE50-55DD51EC79D1}.Debug|Win32.ActiveCfg = Debug|Win32
		{840006E8-4D18-4E9C-AE50-55DD51EC79D1}.Debug|Win32.Build.0 = Debug|Win32
		{840006E8-4D18-4E9C-AE50-55DD51EC79D1}.Release|Win32.ActiveCfg = Release|Win32
		{840006E8-4D18-4E9C-AE50-55DD51EC79D1}.Release|Win32.Build.0 = Release|Win32
		{283694AF-279E-490E-9310-98FF0F56016C}.Debug|Win32.ActiveCfg = Debug|Win32
		{283694AF-279E-490E-9310-98FF0F56016C}.Debug|Win32.Build.0 = Debug|Win32
		{283694AF-279E-490E-9310-98FF0F56016C}.Release|Win32.ActiveCfg = Release|Win32
		{283694AF-279E-490E-9310-98FF0F56016C}.Release|Win32.Build.0 = Release|Win32
		{B7ED9FDE-62B7-4E94-9FF6-449DAF66D65E}.Debug|Win32.ActiveCfg = Debug|Win32
		{B7ED9FDE-62B7-4E94-9FF6-449DAF66D65E}.Debug|Win32.Build.0 = Debug|Win32
		{B7ED9FDE-62B7-4E94-9FF6-449DAF66D65E}.Release|Win32.ActiveCfg = Release|Win32
		{B7ED9FDE-62B7-4E94-9FF6-449DAF66D65E}.Release|Win32.Build.0 = Release|Win32
		{B044F6F3-AA43-477E-8211-E9CBDAEB25C8}.Debug|Win32.ActiveCfg = Debug|Win32
		{B044F6F3-AA43-477E-8211-E9CBDAEB25C8}.Debug|Win32.Build.0 = Debug|Win32
		{B044F6F3-AA43-477E-8211-E9CBDAEB25C8}.Release|Win32.ActiveCfg = Release|Win32
		{B044F6F3-AA43-477E-8211-E9CBDAEB25C8}.Release|Win32.Build.0 = Release|Win32
		{3B211FCB-1B90-4807-9E0F-9773F6344742}.Debug|Win32.ActiveCfg = Debug|Win32
		{3B211FCB-1B90-4807-9E0F-9773F6344742}.Debug|Win32.Build.0 = Debug|Win32
		{3B211FCB-1B90-4807-9E0F-9773F6344742}.Release|Win32.ActiveCfg = Release|Win32
		{3B211FCB-1B90-4807-9E0F-9773F6344742}.Release|Win32.Build.0 = Release|Win32
		{BB74AB82-5D67-4AEA-B8F8-AE8CFE5A49A4}.Debug|Win32.ActiveCfg = Debug|Win32
		{BB74AB82-5D67-4AEA-B8F8-AE8CFE5A49A4}.Debug|Win32.Build.0 = Debug|Win32
		{BB74AB82-5D67-4AEA-B8F8-AE8CFE5A49A4}.Release|Win32.ActiveCfg = Release|Win32
		{BB74AB82-5D67-4AEA-B8F8-AE8CFE5A49A4}.Release|Win32.Build.0 = Release|Win32
		{749FD99B-3ACB-4040-B4FE-51A23899AEDD}.Debug|Win32.ActiveCfg = Debug|Win32
		{749FD99B-3ACB-4040-B4FE-51A23899AEDD}.Debug|Win32.Build.0 = Debug|Win32
		{749FD99B-3ACB-4040-B4FE-51A23899AEDD}.Release|Win32.ActiveCfg = Release|Win32
		{749FD99B-3ACB-4040-B4FE-51A23899AEDD}.Release|Win32.Build.0 = Release|Win32
		{D7DEC827-39E9-4929-8F7A-C85BF4431C56}.Debug|Win32.ActiveCfg = Debug|Win32
		{D7DEC827-39E9-4929-8F7A-C85BF4431C56}.Debug|Win32.Build.0 = Debug|Win32
		{D7DEC827-39E9-4929-8F7A-C85BF4431C56}.Release|Win32.ActiveCfg = Release|Win32
		{D7DEC827-39E9-4929-8F7A-C85BF4431C56}.Release|Win32.Build.0 = Release|Win32
		{73506141-C357-43A6-9DE7-C6CDC055BEFE}.Debug|Win32.ActiveCfg = Debug|Win32
		{73506141-C357-43A6-9DE7-C6CDC055BEFE}.Debug|Win32.Build.0 = Debug|Win32
		{73506141-C357-43A6-9DE7-C6CDC055BEFE}.Release|Win32.ActiveCfg = Release|Win32
		{73506141-C357-43A6-9DE7-C6CDC055BEFE}.Release|Win32.Build.0 = Release|Win32
		{3261E978-0D02-4FF9-A6BE-434FBF652DC9}.Debug|Win32.ActiveCfg = Debug|Win32
		{3261E978-0D02-4FF9-A6BE-434FBF652DC9}.Debug|Win32.Build.0 = Debug|Win32
		{3261E978-0D02-4FF9-A6BE-434FBF652DC9}.Release|Win32.ActiveCfg = Release|Win32
		{3261E978-0D02-4FF9-A6BE-434FBF652DC9}.Release|Win32.Build.0 = Release|Win32
	EndGlobalSection
	GlobalSection(SolutionProperties) = preSolution
		HideSolutionNode = FALSE
	EndGlobalSection
EndGlobal
